// !$*UTF8*$!
{
	archiveVersion = 1;
	classes = {
	};
	objectVersion = 46;
	objects = {

/* Begin PBXBuildFile section */
		BA0876D21978A6A2007CF71A /* MYView5.m in Sources */ = {isa = PBXBuildFile; fileRef = BA0876D11978A6A2007CF71A /* MYView5.m */; };
		BA0876D51978B278007CF71A /* logo_door_highlighted@2x.png in Resources */ = {isa = PBXBuildFile; fileRef = BA0876D31978B278007CF71A /* logo_door_highlighted@2x.png */; };
		BA0876D61978B278007CF71A /* logo_door_normal.png in Resources */ = {isa = PBXBuildFile; fileRef = BA0876D41978B278007CF71A /* logo_door_normal.png */; };
		BA0876D91978B5C9007CF71A /* MYView6.m in Sources */ = {isa = PBXBuildFile; fileRef = BA0876D81978B5C9007CF71A /* MYView6.m */; };
		BA092DD61974CDED00499F5B /* Foundation.framework in Frameworks */ = {isa = PBXBuildFile; fileRef = BA092DD51974CDED00499F5B /* Foundation.framework */; };
		BA092DD81974CDED00499F5B /* CoreGraphics.framework in Frameworks */ = {isa = PBXBuildFile; fileRef = BA092DD71974CDED00499F5B /* CoreGraphics.framework */; };
		BA092DDA1974CDED00499F5B /* UIKit.framework in Frameworks */ = {isa = PBXBuildFile; fileRef = BA092DD91974CDED00499F5B /* UIKit.framework */; };
		BA092DE01974CDED00499F5B /* InfoPlist.strings in Resources */ = {isa = PBXBuildFile; fileRef = BA092DDE1974CDED00499F5B /* InfoPlist.strings */; };
		BA092DE21974CDED00499F5B /* main.m in Sources */ = {isa = PBXBuildFile; fileRef = BA092DE11974CDED00499F5B /* main.m */; };
		BA092DE61974CDED00499F5B /* AppDelegate.m in Sources */ = {isa = PBXBuildFile; fileRef = BA092DE51974CDED00499F5B /* AppDelegate.m */; };
		BA092DE81974CDED00499F5B /* Images.xcassets in Resources */ = {isa = PBXBuildFile; fileRef = BA092DE71974CDED00499F5B /* Images.xcassets */; };
		BA092DEF1974CDED00499F5B /* XCTest.framework in Frameworks */ = {isa = PBXBuildFile; fileRef = BA092DEE1974CDED00499F5B /* XCTest.framework */; };
		BA092DF01974CDED00499F5B /* Foundation.framework in Frameworks */ = {isa = PBXBuildFile; fileRef = BA092DD51974CDED00499F5B /* Foundation.framework */; };
		BA092DF11974CDED00499F5B /* UIKit.framework in Frameworks */ = {isa = PBXBuildFile; fileRef = BA092DD91974CDED00499F5B /* UIKit.framework */; };
		BA092DF91974CDED00499F5B /* InfoPlist.strings in Resources */ = {isa = PBXBuildFile; fileRef = BA092DF71974CDED00499F5B /* InfoPlist.strings */; };
		BA092DFB1974CDED00499F5B /* CoreGraphicsDemoTests.m in Sources */ = {isa = PBXBuildFile; fileRef = BA092DFA1974CDED00499F5B /* CoreGraphicsDemoTests.m */; };
		BA092E061974CDFD00499F5B /* BaseViewController.m in Sources */ = {isa = PBXBuildFile; fileRef = BA092E051974CDFD00499F5B /* BaseViewController.m */; };
		BA092E081974CE3000499F5B /* facebook@2x.png in Resources */ = {isa = PBXBuildFile; fileRef = BA092E071974CE3000499F5B /* facebook@2x.png */; };
		BA092E0A1974F8CE00499F5B /* google.png in Resources */ = {isa = PBXBuildFile; fileRef = BA092E091974F8CE00499F5B /* google.png */; };
		BA092E0D19750E4100499F5B /* MYView1.m in Sources */ = {isa = PBXBuildFile; fileRef = BA092E0C19750E4100499F5B /* MYView1.m */; };
		BA092E1019750FEC00499F5B /* MYView2.m in Sources */ = {isa = PBXBuildFile; fileRef = BA092E0F19750FEC00499F5B /* MYView2.m */; };
		BA0F12B319761E5A0085CAFA /* MYView3.m in Sources */ = {isa = PBXBuildFile; fileRef = BA0F12B219761E5A0085CAFA /* MYView3.m */; };
		BA19286F1977C3210063B264 /* MYView4.m in Sources */ = {isa = PBXBuildFile; fileRef = BA19286E1977C3210063B264 /* MYView4.m */; };
		BA1B63B8197CE8920017ADA6 /* SwirlyView.m in Sources */ = {isa = PBXBuildFile; fileRef = BA1B63B7197CE8920017ADA6 /* SwirlyView.m */; };
		BA1FF2751988F7C800864543 /* AnimationDrawView.m in Sources */ = {isa = PBXBuildFile; fileRef = BA1FF2741988F7C800864543 /* AnimationDrawView.m */; };
		BA32D74A1991F4490071B319 /* DotMatrixView.m in Sources */ = {isa = PBXBuildFile; fileRef = BA32D7491991F4490071B319 /* DotMatrixView.m */; };
		BA3C0F111994711F00B2DEB4 /* CircleGradientProgressView.m in Sources */ = {isa = PBXBuildFile; fileRef = BA3C0F101994711F00B2DEB4 /* CircleGradientProgressView.m */; };
/* End PBXBuildFile section */

/* Begin PBXContainerItemProxy section */
		BA092DF21974CDED00499F5B /* PBXContainerItemProxy */ = {
			isa = PBXContainerItemProxy;
			containerPortal = BA092DCA1974CDED00499F5B /* Project object */;
			proxyType = 1;
			remoteGlobalIDString = BA092DD11974CDED00499F5B;
			remoteInfo = CoreGraphicsDemo;
		};
/* End PBXContainerItemProxy section */

/* Begin PBXFileReference section */
		BA0876D01978A6A2007CF71A /* MYView5.h */ = {isa = PBXFileReference; fileEncoding = 4; lastKnownFileType = sourcecode.c.h; path = MYView5.h; sourceTree = "<group>"; };
		BA0876D11978A6A2007CF71A /* MYView5.m */ = {isa = PBXFileReference; fileEncoding = 4; lastKnownFileType = sourcecode.c.objc; path = MYView5.m; sourceTree = "<group>"; };
		BA0876D31978B278007CF71A /* logo_door_highlighted@2x.png */ = {isa = PBXFileReference; lastKnownFileType = image.png; path = "logo_door_highlighted@2x.png"; sourceTree = "<group>"; };
		BA0876D41978B278007CF71A /* logo_door_normal.png */ = {isa = PBXFileReference; lastKnownFileType = image.png; path = logo_door_normal.png; sourceTree = "<group>"; };
		BA0876D71978B5C9007CF71A /* MYView6.h */ = {isa = PBXFileReference; fileEncoding = 4; lastKnownFileType = sourcecode.c.h; path = MYView6.h; sourceTree = "<group>"; };
		BA0876D81978B5C9007CF71A /* MYView6.m */ = {isa = PBXFileReference; fileEncoding = 4; lastKnownFileType = sourcecode.c.objc; path = MYView6.m; sourceTree = "<group>"; };
		BA092DD21974CDED00499F5B /* CoreGraphicsDemo.app */ = {isa = PBXFileReference; explicitFileType = wrapper.application; includeInIndex = 0; path = CoreGraphicsDemo.app; sourceTree = BUILT_PRODUCTS_DIR; };
		BA092DD51974CDED00499F5B /* Foundation.framework */ = {isa = PBXFileReference; lastKnownFileType = wrapper.framework; name = Foundation.framework; path = System/Library/Frameworks/Foundation.framework; sourceTree = SDKROOT; };
		BA092DD71974CDED00499F5B /* CoreGraphics.framework */ = {isa = PBXFileReference; lastKnownFileType = wrapper.framework; name = CoreGraphics.framework; path = System/Library/Frameworks/CoreGraphics.framework; sourceTree = SDKROOT; };
		BA092DD91974CDED00499F5B /* UIKit.framework */ = {isa = PBXFileReference; lastKnownFileType = wrapper.framework; name = UIKit.framework; path = System/Library/Frameworks/UIKit.framework; sourceTree = SDKROOT; };
		BA092DDD1974CDED00499F5B /* CoreGraphicsDemo-Info.plist */ = {isa = PBXFileReference; lastKnownFileType = text.plist.xml; path = "CoreGraphicsDemo-Info.plist"; sourceTree = "<group>"; };
		BA092DDF1974CDED00499F5B /* en */ = {isa = PBXFileReference; lastKnownFileType = text.plist.strings; name = en; path = en.lproj/InfoPlist.strings; sourceTree = "<group>"; };
		BA092DE11974CDED00499F5B /* main.m */ = {isa = PBXFileReference; lastKnownFileType = sourcecode.c.objc; path = main.m; sourceTree = "<group>"; };
		BA092DE31974CDED00499F5B /* CoreGraphicsDemo-Prefix.pch */ = {isa = PBXFileReference; lastKnownFileType = sourcecode.c.h; path = "CoreGraphicsDemo-Prefix.pch"; sourceTree = "<group>"; };
		BA092DE41974CDED00499F5B /* AppDelegate.h */ = {isa = PBXFileReference; lastKnownFileType = sourcecode.c.h; path = AppDelegate.h; sourceTree = "<group>"; };
		BA092DE51974CDED00499F5B /* AppDelegate.m */ = {isa = PBXFileReference; lastKnownFileType = sourcecode.c.objc; path = AppDelegate.m; sourceTree = "<group>"; };
		BA092DE71974CDED00499F5B /* Images.xcassets */ = {isa = PBXFileReference; lastKnownFileType = folder.assetcatalog; path = Images.xcassets; sourceTree = "<group>"; };
		BA092DED1974CDED00499F5B /* CoreGraphicsDemoTests.xctest */ = {isa = PBXFileReference; explicitFileType = wrapper.cfbundle; includeInIndex = 0; path = CoreGraphicsDemoTests.xctest; sourceTree = BUILT_PRODUCTS_DIR; };
		BA092DEE1974CDED00499F5B /* XCTest.framework */ = {isa = PBXFileReference; lastKnownFileType = wrapper.framework; name = XCTest.framework; path = Library/Frameworks/XCTest.framework; sourceTree = DEVELOPER_DIR; };
		BA092DF61974CDED00499F5B /* CoreGraphicsDemoTests-Info.plist */ = {isa = PBXFileReference; lastKnownFileType = text.plist.xml; path = "CoreGraphicsDemoTests-Info.plist"; sourceTree = "<group>"; };
		BA092DF81974CDED00499F5B /* en */ = {isa = PBXFileReference; lastKnownFileType = text.plist.strings; name = en; path = en.lproj/InfoPlist.strings; sourceTree = "<group>"; };
		BA092DFA1974CDED00499F5B /* CoreGraphicsDemoTests.m */ = {isa = PBXFileReference; lastKnownFileType = sourcecode.c.objc; path = CoreGraphicsDemoTests.m; sourceTree = "<group>"; };
		BA092E041974CDFD00499F5B /* BaseViewController.h */ = {isa = PBXFileReference; fileEncoding = 4; lastKnownFileType = sourcecode.c.h; path = BaseViewController.h; sourceTree = "<group>"; };
		BA092E051974CDFD00499F5B /* BaseViewController.m */ = {isa = PBXFileReference; fileEncoding = 4; lastKnownFileType = sourcecode.c.objc; path = BaseViewController.m; sourceTree = "<group>"; };
		BA092E071974CE3000499F5B /* facebook@2x.png */ = {isa = PBXFileReference; lastKnownFileType = image.png; path = "facebook@2x.png"; sourceTree = "<group>"; };
		BA092E091974F8CE00499F5B /* google.png */ = {isa = PBXFileReference; lastKnownFileType = image.png; path = google.png; sourceTree = "<group>"; };
		BA092E0B19750E4100499F5B /* MYView1.h */ = {isa = PBXFileReference; fileEncoding = 4; lastKnownFileType = sourcecode.c.h; path = MYView1.h; sourceTree = "<group>"; };
		BA092E0C19750E4100499F5B /* MYView1.m */ = {isa = PBXFileReference; fileEncoding = 4; lastKnownFileType = sourcecode.c.objc; path = MYView1.m; sourceTree = "<group>"; };
		BA092E0E19750FEC00499F5B /* MYView2.h */ = {isa = PBXFileReference; fileEncoding = 4; lastKnownFileType = sourcecode.c.h; path = MYView2.h; sourceTree = "<group>"; };
		BA092E0F19750FEC00499F5B /* MYView2.m */ = {isa = PBXFileReference; fileEncoding = 4; lastKnownFileType = sourcecode.c.objc; path = MYView2.m; sourceTree = "<group>"; };
		BA0F12B119761E5A0085CAFA /* MYView3.h */ = {isa = PBXFileReference; fileEncoding = 4; lastKnownFileType = sourcecode.c.h; path = MYView3.h; sourceTree = "<group>"; };
		BA0F12B219761E5A0085CAFA /* MYView3.m */ = {isa = PBXFileReference; fileEncoding = 4; lastKnownFileType = sourcecode.c.objc; path = MYView3.m; sourceTree = "<group>"; };
		BA19286D1977C3210063B264 /* MYView4.h */ = {isa = PBXFileReference; fileEncoding = 4; lastKnownFileType = sourcecode.c.h; path = MYView4.h; sourceTree = "<group>"; };
		BA19286E1977C3210063B264 /* MYView4.m */ = {isa = PBXFileReference; fileEncoding = 4; lastKnownFileType = sourcecode.c.objc; path = MYView4.m; sourceTree = "<group>"; };
		BA1B63B6197CE8920017ADA6 /* SwirlyView.h */ = {isa = PBXFileReference; fileEncoding = 4; lastKnownFileType = sourcecode.c.h; path = SwirlyView.h; sourceTree = "<group>"; };
		BA1B63B7197CE8920017ADA6 /* SwirlyView.m */ = {isa = PBXFileReference; fileEncoding = 4; lastKnownFileType = sourcecode.c.objc; path = SwirlyView.m; sourceTree = "<group>"; };
		BA1FF2731988F7C800864543 /* AnimationDrawView.h */ = {isa = PBXFileReference; fileEncoding = 4; lastKnownFileType = sourcecode.c.h; path = AnimationDrawView.h; sourceTree = "<group>"; };
		BA1FF2741988F7C800864543 /* AnimationDrawView.m */ = {isa = PBXFileReference; fileEncoding = 4; lastKnownFileType = sourcecode.c.objc; path = AnimationDrawView.m; sourceTree = "<group>"; };
		BA32D7481991F4490071B319 /* DotMatrixView.h */ = {isa = PBXFileReference; fileEncoding = 4; lastKnownFileType = sourcecode.c.h; path = DotMatrixView.h; sourceTree = "<group>"; };
		BA32D7491991F4490071B319 /* DotMatrixView.m */ = {isa = PBXFileReference; fileEncoding = 4; lastKnownFileType = sourcecode.c.objc; path = DotMatrixView.m; sourceTree = "<group>"; };
		BA3C0F0F1994711F00B2DEB4 /* CircleGradientProgressView.h */ = {isa = PBXFileReference; fileEncoding = 4; lastKnownFileType = sourcecode.c.h; path = CircleGradientProgressView.h; sourceTree = "<group>"; };
		BA3C0F101994711F00B2DEB4 /* CircleGradientProgressView.m */ = {isa = PBXFileReference; fileEncoding = 4; lastKnownFileType = sourcecode.c.objc; path = CircleGradientProgressView.m; sourceTree = "<group>"; };
/* End PBXFileReference section */

/* Begin PBXFrameworksBuildPhase section */
		BA092DCF1974CDED00499F5B /* Frameworks */ = {
			isa = PBXFrameworksBuildPhase;
			buildActionMask = 2147483647;
			files = (
				BA092DD81974CDED00499F5B /* CoreGraphics.framework in Frameworks */,
				BA092DDA1974CDED00499F5B /* UIKit.framework in Frameworks */,
				BA092DD61974CDED00499F5B /* Foundation.framework in Frameworks */,
			);
			runOnlyForDeploymentPostprocessing = 0;
		};
		BA092DEA1974CDED00499F5B /* Frameworks */ = {
			isa = PBXFrameworksBuildPhase;
			buildActionMask = 2147483647;
			files = (
				BA092DEF1974CDED00499F5B /* XCTest.framework in Frameworks */,
				BA092DF11974CDED00499F5B /* UIKit.framework in Frameworks */,
				BA092DF01974CDED00499F5B /* Foundation.framework in Frameworks */,
			);
			runOnlyForDeploymentPostprocessing = 0;
		};
/* End PBXFrameworksBuildPhase section */

/* Begin PBXGroup section */
		BA092DC91974CDED00499F5B = {
			isa = PBXGroup;
			children = (
				BA092DDB1974CDED00499F5B /* CoreGraphicsDemo */,
				BA092DF41974CDED00499F5B /* CoreGraphicsDemoTests */,
				BA092DD41974CDED00499F5B /* Frameworks */,
				BA092DD31974CDED00499F5B /* Products */,
			);
			sourceTree = "<group>";
		};
		BA092DD31974CDED00499F5B /* Products */ = {
			isa = PBXGroup;
			children = (
				BA092DD21974CDED00499F5B /* CoreGraphicsDemo.app */,
				BA092DED1974CDED00499F5B /* CoreGraphicsDemoTests.xctest */,
			);
			name = Products;
			sourceTree = "<group>";
		};
		BA092DD41974CDED00499F5B /* Frameworks */ = {
			isa = PBXGroup;
			children = (
				BA092DD51974CDED00499F5B /* Foundation.framework */,
				BA092DD71974CDED00499F5B /* CoreGraphics.framework */,
				BA092DD91974CDED00499F5B /* UIKit.framework */,
				BA092DEE1974CDED00499F5B /* XCTest.framework */,
			);
			name = Frameworks;
			sourceTree = "<group>";
		};
		BA092DDB1974CDED00499F5B /* CoreGraphicsDemo */ = {
			isa = PBXGroup;
			children = (
				BA0876D31978B278007CF71A /* logo_door_highlighted@2x.png */,
				BA0876D41978B278007CF71A /* logo_door_normal.png */,
				BA092E091974F8CE00499F5B /* google.png */,
				BA092E071974CE3000499F5B /* facebook@2x.png */,
				BA092DE41974CDED00499F5B /* AppDelegate.h */,
				BA092DE51974CDED00499F5B /* AppDelegate.m */,
				BA092DE71974CDED00499F5B /* Images.xcassets */,
				BA092DDC1974CDED00499F5B /* Supporting Files */,
				BA092E041974CDFD00499F5B /* BaseViewController.h */,
				BA092E051974CDFD00499F5B /* BaseViewController.m */,
				BA092E0B19750E4100499F5B /* MYView1.h */,
				BA092E0C19750E4100499F5B /* MYView1.m */,
				BA092E0E19750FEC00499F5B /* MYView2.h */,
				BA092E0F19750FEC00499F5B /* MYView2.m */,
				BA0F12B119761E5A0085CAFA /* MYView3.h */,
				BA0F12B219761E5A0085CAFA /* MYView3.m */,
				BA19286D1977C3210063B264 /* MYView4.h */,
				BA19286E1977C3210063B264 /* MYView4.m */,
				BA0876D01978A6A2007CF71A /* MYView5.h */,
				BA0876D11978A6A2007CF71A /* MYView5.m */,
				BA0876D71978B5C9007CF71A /* MYView6.h */,
				BA0876D81978B5C9007CF71A /* MYView6.m */,
				BA1B63B6197CE8920017ADA6 /* SwirlyView.h */,
				BA1B63B7197CE8920017ADA6 /* SwirlyView.m */,
				BA1FF2731988F7C800864543 /* AnimationDrawView.h */,
				BA1FF2741988F7C800864543 /* AnimationDrawView.m */,
				BA32D7481991F4490071B319 /* DotMatrixView.h */,
				BA32D7491991F4490071B319 /* DotMatrixView.m */,
				BA3C0F0F1994711F00B2DEB4 /* CircleGradientProgressView.h */,
				BA3C0F101994711F00B2DEB4 /* CircleGradientProgressView.m */,
			);
			path = CoreGraphicsDemo;
			sourceTree = "<group>";
		};
		BA092DDC1974CDED00499F5B /* Supporting Files */ = {
			isa = PBXGroup;
			children = (
				BA092DDD1974CDED00499F5B /* CoreGraphicsDemo-Info.plist */,
				BA092DDE1974CDED00499F5B /* InfoPlist.strings */,
				BA092DE11974CDED00499F5B /* main.m */,
				BA092DE31974CDED00499F5B /* CoreGraphicsDemo-Prefix.pch */,
			);
			name = "Supporting Files";
			sourceTree = "<group>";
		};
		BA092DF41974CDED00499F5B /* CoreGraphicsDemoTests */ = {
			isa = PBXGroup;
			children = (
				BA092DFA1974CDED00499F5B /* CoreGraphicsDemoTests.m */,
				BA092DF51974CDED00499F5B /* Supporting Files */,
			);
			path = CoreGraphicsDemoTests;
			sourceTree = "<group>";
		};
		BA092DF51974CDED00499F5B /* Supporting Files */ = {
			isa = PBXGroup;
			children = (
				BA092DF61974CDED00499F5B /* CoreGraphicsDemoTests-Info.plist */,
				BA092DF71974CDED00499F5B /* InfoPlist.strings */,
			);
			name = "Supporting Files";
			sourceTree = "<group>";
		};
/* End PBXGroup section */

/* Begin PBXNativeTarget section */
		BA092DD11974CDED00499F5B /* CoreGraphicsDemo */ = {
			isa = PBXNativeTarget;
			buildConfigurationList = BA092DFE1974CDED00499F5B /* Build configuration list for PBXNativeTarget "CoreGraphicsDemo" */;
			buildPhases = (
				BA092DCE1974CDED00499F5B /* Sources */,
				BA092DCF1974CDED00499F5B /* Frameworks */,
				BA092DD01974CDED00499F5B /* Resources */,
			);
			buildRules = (
			);
			dependencies = (
			);
			name = CoreGraphicsDemo;
			productName = CoreGraphicsDemo;
			productReference = BA092DD21974CDED00499F5B /* CoreGraphicsDemo.app */;
			productType = "com.apple.product-type.application";
		};
		BA092DEC1974CDED00499F5B /* CoreGraphicsDemoTests */ = {
			isa = PBXNativeTarget;
			buildConfigurationList = BA092E011974CDED00499F5B /* Build configuration list for PBXNativeTarget "CoreGraphicsDemoTests" */;
			buildPhases = (
				BA092DE91974CDED00499F5B /* Sources */,
				BA092DEA1974CDED00499F5B /* Frameworks */,
				BA092DEB1974CDED00499F5B /* Resources */,
			);
			buildRules = (
			);
			dependencies = (
				BA092DF31974CDED00499F5B /* PBXTargetDependency */,
			);
			name = CoreGraphicsDemoTests;
			productName = CoreGraphicsDemoTests;
			productReference = BA092DED1974CDED00499F5B /* CoreGraphicsDemoTests.xctest */;
			productType = "com.apple.product-type.bundle.unit-test";
		};
/* End PBXNativeTarget section */

/* Begin PBXProject section */
		BA092DCA1974CDED00499F5B /* Project object */ = {
			isa = PBXProject;
			attributes = {
				LastUpgradeCheck = 0510;
				ORGANIZATIONNAME = Surwin;
				TargetAttributes = {
					BA092DEC1974CDED00499F5B = {
						TestTargetID = BA092DD11974CDED00499F5B;
					};
				};
			};
			buildConfigurationList = BA092DCD1974CDED00499F5B /* Build configuration list for PBXProject "CoreGraphicsDemo" */;
			compatibilityVersion = "Xcode 3.2";
			developmentRegion = English;
			hasScannedForEncodings = 0;
			knownRegions = (
				en,
			);
			mainGroup = BA092DC91974CDED00499F5B;
			productRefGroup = BA092DD31974CDED00499F5B /* Products */;
			projectDirPath = "";
			projectRoot = "";
			targets = (
				BA092DD11974CDED00499F5B /* CoreGraphicsDemo */,
				BA092DEC1974CDED00499F5B /* CoreGraphicsDemoTests */,
			);
		};
/* End PBXProject section */

/* Begin PBXResourcesBuildPhase section */
		BA092DD01974CDED00499F5B /* Resources */ = {
			isa = PBXResourcesBuildPhase;
			buildActionMask = 2147483647;
			files = (
				BA092DE01974CDED00499F5B /* InfoPlist.strings in Resources */,
				BA092E081974CE3000499F5B /* facebook@2x.png in Resources */,
				BA092E0A1974F8CE00499F5B /* google.png in Resources */,
				BA0876D51978B278007CF71A /* logo_door_highlighted@2x.png in Resources */,
				BA0876D61978B278007CF71A /* logo_door_normal.png in Resources */,
				BA092DE81974CDED00499F5B /* Images.xcassets in Resources */,
			);
			runOnlyForDeploymentPostprocessing = 0;
		};
		BA092DEB1974CDED00499F5B /* Resources */ = {
			isa = PBXResourcesBuildPhase;
			buildActionMask = 2147483647;
			files = (
				BA092DF91974CDED00499F5B /* InfoPlist.strings in Resources */,
			);
			runOnlyForDeploymentPostprocessing = 0;
		};
/* End PBXResourcesBuildPhase section */

/* Begin PBXSourcesBuildPhase section */
		BA092DCE1974CDED00499F5B /* Sources */ = {
			isa = PBXSourcesBuildPhase;
			buildActionMask = 2147483647;
			files = (
				BA092DE61974CDED00499F5B /* AppDelegate.m in Sources */,
				BA19286F1977C3210063B264 /* MYView4.m in Sources */,
				BA0876D21978A6A2007CF71A /* MYView5.m in Sources */,
				BA092E1019750FEC00499F5B /* MYView2.m in Sources */,
				BA1B63B8197CE8920017ADA6 /* SwirlyView.m in Sources */,
				BA092E061974CDFD00499F5B /* BaseViewController.m in Sources */,
				BA3C0F111994711F00B2DEB4 /* CircleGradientProgressView.m in Sources */,
				BA092E0D19750E4100499F5B /* MYView1.m in Sources */,
				BA0F12B319761E5A0085CAFA /* MYView3.m in Sources */,
				BA0876D91978B5C9007CF71A /* MYView6.m in Sources */,
				BA32D74A1991F4490071B319 /* DotMatrixView.m in Sources */,
				BA1FF2751988F7C800864543 /* AnimationDrawView.m in Sources */,
				BA092DE21974CDED00499F5B /* main.m in Sources */,
			);
			runOnlyForDeploymentPostprocessing = 0;
		};
		BA092DE91974CDED00499F5B /* Sources */ = {
			isa = PBXSourcesBuildPhase;
			buildActionMask = 2147483647;
			files = (
				BA092DFB1974CDED00499F5B /* CoreGraphicsDemoTests.m in Sources */,
			);
			runOnlyForDeploymentPostprocessing = 0;
		};
/* End PBXSourcesBuildPhase section */

/* Begin PBXTargetDependency section */
		BA092DF31974CDED00499F5B /* PBXTargetDependency */ = {
			isa = PBXTargetDependency;
			target = BA092DD11974CDED00499F5B /* CoreGraphicsDemo */;
			targetProxy = BA092DF21974CDED00499F5B /* PBXContainerItemProxy */;
		};
/* End PBXTargetDependency section */

/* Begin PBXVariantGroup section */
		BA092DDE1974CDED00499F5B /* InfoPlist.strings */ = {
			isa = PBXVariantGroup;
			children = (
				BA092DDF1974CDED00499F5B /* en */,
			);
			name = InfoPlist.strings;
			sourceTree = "<group>";
		};
		BA092DF71974CDED00499F5B /* InfoPlist.strings */ = {
			isa = PBXVariantGroup;
			children = (
				BA092DF81974CDED00499F5B /* en */,
			);
			name = InfoPlist.strings;
			sourceTree = "<group>";
		};
/* End PBXVariantGroup section */

/* Begin XCBuildConfiguration section */
		BA092DFC1974CDED00499F5B /* Debug */ = {
			isa = XCBuildConfiguration;
			buildSettings = {
				ALWAYS_SEARCH_USER_PATHS = NO;
				CLANG_CXX_LANGUAGE_STANDARD = "gnu++0x";
				CLANG_CXX_LIBRARY = "libc++";
				CLANG_ENABLE_MODULES = YES;
				CLANG_ENABLE_OBJC_ARC = YES;
				CLANG_WARN_BOOL_CONVERSION = YES;
				CLANG_WARN_CONSTANT_CONVERSION = YES;
				CLANG_WARN_DIRECT_OBJC_ISA_USAGE = YES_ERROR;
				CLANG_WARN_EMPTY_BODY = YES;
				CLANG_WARN_ENUM_CONVERSION = YES;
				CLANG_WARN_INT_CONVERSION = YES;
				CLANG_WARN_OBJC_ROOT_CLASS = YES_ERROR;
				CLANG_WARN__DUPLICATE_METHOD_MATCH = YES;
				"CODE_SIGN_IDENTITY[sdk=iphoneos*]" = "iPhone Developer";
				COPY_PHASE_STRIP = NO;
				GCC_C_LANGUAGE_STANDARD = gnu99;
				GCC_DYNAMIC_NO_PIC = NO;
				GCC_OPTIMIZATION_LEVEL = 0;
				GCC_PREPROCESSOR_DEFINITIONS = (
					"DEBUG=1",
					"$(inherited)",
				);
				GCC_SYMBOLS_PRIVATE_EXTERN = NO;
				GCC_WARN_64_TO_32_BIT_CONVERSION = YES;
				GCC_WARN_ABOUT_RETURN_TYPE = YES_ERROR;
				GCC_WARN_UNDECLARED_SELECTOR = YES;
				GCC_WARN_UNINITIALIZED_AUTOS = YES_AGGRESSIVE;
				GCC_WARN_UNUSED_FUNCTION = YES;
				GCC_WARN_UNUSED_VARIABLE = YES;
				IPHONEOS_DEPLOYMENT_TARGET = 7.1;
				ONLY_ACTIVE_ARCH = YES;
				SDKROOT = iphoneos;
			};
			name = Debug;
		};
		BA092DFD1974CDED00499F5B /* Release */ = {
			isa = XCBuildConfiguration;
			buildSettings = {
				ALWAYS_SEARCH_USER_PATHS = NO;
				CLANG_CXX_LANGUAGE_STANDARD = "gnu++0x";
				CLANG_CXX_LIBRARY = "libc++";
				CLANG_ENABLE_MODULES = YES;
				CLANG_ENABLE_OBJC_ARC = YES;
				CLANG_WARN_BOOL_CONVERSION = YES;
				CLANG_WARN_CONSTANT_CONVERSION = YES;
				CLANG_WARN_DIRECT_OBJC_ISA_USAGE = YES_ERROR;
				CLANG_WARN_EMPTY_BODY = YES;
				CLANG_WARN_ENUM_CONVERSION = YES;
				CLANG_WARN_INT_CONVERSION = YES;
				CLANG_WARN_OBJC_ROOT_CLASS = YES_ERROR;
				CLANG_WARN__DUPLICATE_METHOD_MATCH = YES;
				"CODE_SIGN_IDENTITY[sdk=iphoneos*]" = "iPhone Developer";
				COPY_PHASE_STRIP = YES;
				ENABLE_NS_ASSERTIONS = NO;
				GCC_C_LANGUAGE_STANDARD = gnu99;
				GCC_WARN_64_TO_32_BIT_CONVERSION = YES;
				GCC_WARN_ABOUT_RETURN_TYPE = YES_ERROR;
				GCC_WARN_UNDECLARED_SELECTOR = YES;
				GCC_WARN_UNINITIALIZED_AUTOS = YES_AGGRESSIVE;
				GCC_WARN_UNUSED_FUNCTION = YES;
				GCC_WARN_UNUSED_VARIABLE = YES;
				IPHONEOS_DEPLOYMENT_TARGET = 7.1;
				SDKROOT = iphoneos;
				VALIDATE_PRODUCT = YES;
			};
			name = Release;
		};
		BA092DFF1974CDED00499F5B /* Debug */ = {
			isa = XCBuildConfiguration;
			buildSettings = {
				ASSETCATALOG_COMPILER_APPICON_NAME = AppIcon;
				ASSETCATALOG_COMPILER_LAUNCHIMAGE_NAME = LaunchImage;
				GCC_PRECOMPILE_PREFIX_HEADER = YES;
				GCC_PREFIX_HEADER = "CoreGraphicsDemo/CoreGraphicsDemo-Prefix.pch";
				INFOPLIST_FILE = "CoreGraphicsDemo/CoreGraphicsDemo-Info.plist";
				PRODUCT_NAME = "$(TARGET_NAME)";
				WRAPPER_EXTENSION = app;
			};
			name = Debug;
		};
		BA092E001974CDED00499F5B /* Release */ = {
			isa = XCBuildConfiguration;
			buildSettings = {
				ASSETCATALOG_COMPILER_APPICON_NAME = AppIcon;
				ASSETCATALOG_COMPILER_LAUNCHIMAGE_NAME = LaunchImage;
				GCC_PRECOMPILE_PREFIX_HEADER = YES;
				GCC_PREFIX_HEADER = "CoreGraphicsDemo/CoreGraphicsDemo-Prefix.pch";
				INFOPLIST_FILE = "CoreGraphicsDemo/CoreGraphicsDemo-Info.plist";
				PRODUCT_NAME = "$(TARGET_NAME)";
				WRAPPER_EXTENSION = app;
			};
			name = Release;
		};
		BA092E021974CDED00499F5B /* Debug */ = {
			isa = XCBuildConfiguration;
			buildSettings = {
				BUNDLE_LOADER = "$(BUILT_PRODUCTS_DIR)/CoreGraphicsDemo.app/CoreGraphicsDemo";
				FRAMEWORK_SEARCH_PATHS = (
					"$(SDKROOT)/Developer/Library/Frameworks",
					"$(inherited)",
					"$(DEVELOPER_FRAMEWORKS_DIR)",
				);
				GCC_PRECOMPILE_PREFIX_HEADER = YES;
				GCC_PREFIX_HEADER = "CoreGraphicsDemo/CoreGraphicsDemo-Prefix.pch";
				GCC_PREPROCESSOR_DEFINITIONS = (
					"DEBUG=1",
					"$(inherited)",
				);
				INFOPLIST_FILE = "CoreGraphicsDemoTests/CoreGraphicsDemoTests-Info.plist";
				PRODUCT_NAME = "$(TARGET_NAME)";
				TEST_HOST = "$(BUNDLE_LOADER)";
				WRAPPER_EXTENSION = xctest;
			};
			name = Debug;
		};
		BA092E031974CDED00499F5B /* Release */ = {
			isa = XCBuildConfiguration;
			buildSettings = {
				BUNDLE_LOADER = "$(BUILT_PRODUCTS_DIR)/CoreGraphicsDemo.app/CoreGraphicsDemo";
				FRAMEWORK_SEARCH_PATHS = (
					"$(SDKROOT)/Developer/Library/Frameworks",
					"$(inherited)",
					"$(DEVELOPER_FRAMEWORKS_DIR)",
				);
				GCC_PRECOMPILE_PREFIX_HEADER = YES;
				GCC_PREFIX_HEADER = "CoreGraphicsDemo/CoreGraphicsDemo-Prefix.pch";
				INFOPLIST_FILE = "CoreGraphicsDemoTests/CoreGraphicsDemoTests-Info.plist";
				PRODUCT_NAME = "$(TARGET_NAME)";
				TEST_HOST = "$(BUNDLE_LOADER)";
				WRAPPER_EXTENSION = xctest;
			};
			name = Release;
		};
/* End XCBuildConfiguration section */

/* Begin XCConfigurationList section */
		BA092DCD1974CDED00499F5B /* Build configuration list for PBXProject "CoreGraphicsDemo" */ = {
			isa = XCConfigurationList;
			buildConfigurations = (
				BA092DFC1974CDED00499F5B /* Debug */,
				BA092DFD1974CDED00499F5B /* Release */,
			);
			defaultConfigurationIsVisible = 0;
			defaultConfigurationName = Release;
		};
		BA092DFE1974CDED00499F5B /* Build configuration list for PBXNativeTarget "CoreGraphicsDemo" */ = {
			isa = XCConfigurationList;
			buildConfigurations = (
				BA092DFF1974CDED00499F5B /* Debug */,
				BA092E001974CDED00499F5B /* Release */,
			);
			defaultConfigurationIsVisible = 0;
			defaultConfigurationName = Release;
		};
		BA092E011974CDED00499F5B /* Build configuration list for PBXNativeTarget "CoreGraphicsDemoTests" */ = {
			isa = XCConfigurationList;
			buildConfigurations = (
				BA092E021974CDED00499F5B /* Debug */,
				BA092E031974CDED00499F5B /* Release */,
			);
			defaultConfigurationIsVisible = 0;
			defaultConfigurationName = Release;
		};
/* End XCConfigurationList section */
	};
	rootObject = BA092DCA1974CDED00499F5B /* Project object */;
}
